
Microsoft Visual Studio Solution File, Format Version 12.00
# Visual Studio Version 16
VisualStudioVersion = 16.0.31229.75
MinimumVisualStudioVersion = 10.0.40219.1
Project("{FAE04EC0-301F-11D3-BF4B-00C04F79EFBC}") = "Roulette.Runner", "RouletteEngine\Roulette.Runner.csproj", "{438A2618-1252-4C39-A4AF-02642C59D5ED}"
EndProject
Project("{FAE04EC0-301F-11D3-BF4B-00C04F79EFBC}") = "Roulette.Engine", "Roulette.Engine\Roulette.Engine.csproj", "{3F9DF09C-1D6B-403C-AB91-EB0264C0171C}"
EndProject
Global
	GlobalSection(SolutionConfigurationPlatforms) = preSolution
		Debug|Any CPU = Debug|Any CPU
		Release|Any CPU = Release|Any CPU
	EndGlobalSection
	GlobalSection(ProjectConfigurationPlatforms) = postSolution
		{438A2618-1252-4C39-A4AF-02642C59D5ED}.Debug|Any CPU.ActiveCfg = Debug|Any CPU
		{438A2618-1252-4C39-A4AF-02642C59D5ED}.Debug|Any CPU.Build.0 = Debug|Any CPU
		{438A2618-1252-4C39-A4AF-02642C59D5ED}.Release|Any CPU.ActiveCfg = Release|Any CPU
		{438A2618-1252-4C39-A4AF-02642C59D5ED}.Release|Any CPU.Build.0 = Release|Any CPU
		{3F9DF09C-1D6B-403C-AB91-EB0264C0171C}.Debug|Any CPU.ActiveCfg = Debug|Any CPU
		{3F9DF09C-1D6B-403C-AB91-EB0264C0171C}.Debug|Any CPU.Build.0 = Debug|Any CPU
		{3F9DF09C-1D6B-403C-AB91-EB0264C0171C}.Release|Any CPU.ActiveCfg = Release|Any CPU
		{3F9DF09C-1D6B-403C-AB91-EB0264C0171C}.Release|Any CPU.Build.0 = Release|Any CPU
	EndGlobalSection
	GlobalSection(SolutionProperties) = preSolution
		HideSolutionNode = FALSE
	EndGlobalSection
	GlobalSection(ExtensibilityGlobals) = postSolution
		SolutionGuid = {2D47E05C-4353-4616-B661-5FA845F65E06}
	EndGlobalSection
EndGlobal
